{
  "name": "manguito-blog-vuepress",
  "version": "1.0.0",
  "lockfileVersion": 1,
  "requires": true,
  "dependencies": {
    "@vuepress/plugin-google-analytics": {
      "version": "1.1.0",
      "resolved": "https://registry.npmjs.org/@vuepress/plugin-google-analytics/-/plugin-google-analytics-1.1.0.tgz",
      "integrity": "sha512-dihyMDXWyPPGxvZge6Xz904ZAjhNcP2dzVbMa2rBvh9oPd6VD5M6mMw6NyNzHfm+LTFY0bTqOzuTFC1j7RnZnw==",
      "dev": true
    }
  }
}
